{
  "name": "render-furigana",
  "version": "1.0.3",
  "lockfileVersion": 1,
  "requires": true,
  "dependencies": {
    "async": {
      "version": "2.6.1",
      "resolved": "https://registry.npmjs.org/async/-/async-2.6.1.tgz",
      "integrity": "sha512-fNEiL2+AZt6AlAw/29Cr0UDe4sRAHCpEHh54WMz+Bb7QfNcFw4h3loofyJpLeQs4Yx7yuqu/2dLgM5hKOs6HlQ==",
      "optional": true,
      "requires": {
        "lodash": "^4.17.10"
      }
    },
    "canvas": {
      "version": "1.6.11",
      "resolved": "https://registry.npmjs.org/canvas/-/canvas-1.6.11.tgz",
      "integrity": "sha512-ElVw5Uk8PReGpzXfDg6PDa+wntnZLGWWfdSHI0Pc8GyXiFbW13drSTzWU6C4E5QylHe+FnLqI7ngMRlp3eGZIQ==",
      "requires": {
        "nan": "^2.10.0"
      }
    },
    "doublearray": {
      "version": "0.0.2",
      "resolved": "https://registry.npmjs.org/doublearray/-/doublearray-0.0.2.tgz",
      "integrity": "sha1-Yxhv6NNEEydtNiH2qg7F954ifvk=",
      "optional": true
    },
    "htmlparser": {
      "version": "1.7.7",
      "resolved": "https://registry.npmjs.org/htmlparser/-/htmlparser-1.7.7.tgz",
      "integrity": "sha1-GeezmX/2+6yZrlp9J2ZInv5+LQ4=",
      "optional": true
    },
    "kuromoji": {
      "version": "0.1.2",
      "resolved": "https://registry.npmjs.org/kuromoji/-/kuromoji-0.1.2.tgz",
      "integrity": "sha512-V0dUf+C2LpcPEXhoHLMAop/bOht16Dyr+mDiIE39yX3vqau7p80De/koFqpiTcL1zzdZlc3xuHZ8u5gjYRfFaQ==",
      "optional": true,
      "requires": {
        "async": "^2.0.1",
        "doublearray": "0.0.2",
        "zlibjs": "^0.3.1"
      }
    },
    "kuroshiro": {
      "version": "0.2.4",
      "resolved": "https://registry.npmjs.org/kuroshiro/-/kuroshiro-0.2.4.tgz",
      "integrity": "sha512-j2FEMopnn3J+TkOOKx6XCmKpMjX2FJlwIk//N26MgIa66PtD9kjBdWJ/gDzQ0ZmkKMHNx6RzVq7No09NYLNt0g==",
      "optional": true,
      "requires": {
        "kuromoji": "0.1.x",
        "wanakana": "^3.0.0"
      }
    },
    "lodash": {
      "version": "4.17.10",
      "resolved": "https://registry.npmjs.org/lodash/-/lodash-4.17.10.tgz",
      "integrity": "sha512-UejweD1pDoXu+AD825lWwp4ZGtSwgnpZxb3JDViD7StjQz+Nb/6l093lx4OQ0foGWNRoc19mWy7BzL+UAK2iVg==",
      "optional": true
    },
    "nan": {
      "version": "2.10.0",
      "resolved": "https://registry.npmjs.org/nan/-/nan-2.10.0.tgz",
      "integrity": "sha512-bAdJv7fBLhWC+/Bls0Oza+mvTaNQtP+1RyhhhvD95pgUJz6XM5IzgmxOkItJ9tkoCiplvAnXI1tNmmUD/eScyA=="
    },
    "wanakana": {
      "version": "3.1.1",
      "resolved": "https://registry.npmjs.org/wanakana/-/wanakana-3.1.1.tgz",
      "integrity": "sha512-Tvk5vBJVL681HTy8Y1cfvZVTNHP2YQ1CM+/jkmNCw2zMshtHEJAOg86iYeQfibnnvtKBIQUsAntS088QpijunQ==",
      "optional": true
    },
    "zlibjs": {
      "version": "0.3.1",
      "resolved": "https://registry.npmjs.org/zlibjs/-/zlibjs-0.3.1.tgz",
      "integrity": "sha1-UBl+2yihxCymWcyLTmqd3W1ERVQ=",
      "optional": true
    }
  }
}
